<?xml version="1.0" encoding="utf-8"?>
<Project ToolsVersion="4.0" xmlns="http://schemas.microsoft.com/developer/msbuild/2003">
  <ItemGroup>
    <Filter Include="소스 파일">
      <UniqueIdentifier>{4FC737F1-C7A5-4376-A066-2A32D752A2FF}</UniqueIdentifier>
      <Extensions>cpp;c;cc;cxx;c++;cppm;ixx;def;odl;idl;hpj;bat;asm;asmx</Extensions>
    </Filter>
    <Filter Include="헤더 파일">
      <UniqueIdentifier>{93995380-89BD-4b04-88EB-625FBE52EBFB}</UniqueIdentifier>
      <Extensions>h;hh;hpp;hxx;h++;hm;inl;inc;ipp;xsd</Extensions>
    </Filter>
    <Filter Include="리소스 파일">
      <UniqueIdentifier>{67DA6AB6-F800-4c08-8B7A-83BB121AAD01}</UniqueIdentifier>
      <Extensions>rc;ico;cur;bmp;dlg;rc2;rct;bin;rgs;gif;jpg;jpeg;jpe;resx;tiff;tif;png;wav;mfcribbon-ms</Extensions>
    </Filter>
    <Filter Include="리소스 파일\imgui">
      <UniqueIdentifier>{2eef7ad1-bc09-4c58-886d-5974430b3322}</UniqueIdentifier>
    </Filter>
    <Filter Include="소스 파일\ImGui">
      <UniqueIdentifier>{977d3059-cb19-41b4-9a3f-9b88c1928253}</UniqueIdentifier>
    </Filter>
    <Filter Include="헤더 파일\ImGui">
      <UniqueIdentifier>{9d4d64a8-d56c-4a47-a536-b4b32dcae09c}</UniqueIdentifier>
    </Filter>
  </ItemGroup>
  <ItemGroup>
    <ClInclude Include="Headers\Buffer.h">
      <Filter>헤더 파일</Filter>
    </ClInclude>
    <ClInclude Include="Headers\Camera.h">
      <Filter>헤더 파일</Filter>
    </ClInclude>
    <ClInclude Include="Headers\FileDialog.h">
      <Filter>헤더 파일</Filter>
    </ClInclude>
    <ClInclude Include="Headers\Object.h">
      <Filter>헤더 파일</Filter>
    </ClInclude>
    <ClInclude Include="Headers\Light.h">
      <Filter>헤더 파일</Filter>
    </ClInclude>
    <ClInclude Include="Headers\Mesh.h">
      <Filter>헤더 파일</Filter>
    </ClInclude>
    <ClInclude Include="Headers\Picker.h">
      <Filter>헤더 파일</Filter>
    </ClInclude>
    <ClInclude Include="Headers\Renderer.h">
      <Filter>헤더 파일</Filter>
    </ClInclude>
    <ClInclude Include="Headers\SDL_GL_Window.h">
      <Filter>헤더 파일</Filter>
    </ClInclude>
    <ClInclude Include="Headers\Shader.h">
      <Filter>헤더 파일</Filter>
    </ClInclude>
    <ClInclude Include="Headers\Texture.h">
      <Filter>헤더 파일</Filter>
    </ClInclude>
    <ClInclude Include="Headers\Utils.h">
      <Filter>헤더 파일</Filter>
    </ClInclude>
    <ClInclude Include="C:\vclib\imgui-docking\imconfig.h">
      <Filter>헤더 파일\ImGui</Filter>
    </ClInclude>
    <ClInclude Include="C:\vclib\imgui-docking\imgui.h">
      <Filter>헤더 파일\ImGui</Filter>
    </ClInclude>
    <ClInclude Include="C:\vclib\imgui-docking\imgui_impl_opengl3.h">
      <Filter>헤더 파일\ImGui</Filter>
    </ClInclude>
    <ClInclude Include="C:\vclib\imgui-docking\imgui_impl_opengl3_loader.h">
      <Filter>헤더 파일\ImGui</Filter>
    </ClInclude>
    <ClInclude Include="C:\vclib\imgui-docking\imgui_impl_sdl2.h">
      <Filter>헤더 파일\ImGui</Filter>
    </ClInclude>
    <ClInclude Include="C:\vclib\imgui-docking\imgui_internal.h">
      <Filter>헤더 파일\ImGui</Filter>
    </ClInclude>
    <ClInclude Include="C:\vclib\imgui-docking\imstb_rectpack.h">
      <Filter>헤더 파일\ImGui</Filter>
    </ClInclude>
    <ClInclude Include="C:\vclib\imgui-docking\imstb_textedit.h">
      <Filter>헤더 파일\ImGui</Filter>
    </ClInclude>
    <ClInclude Include="C:\vclib\imgui-docking\imstb_truetype.h">
      <Filter>헤더 파일\ImGui</Filter>
    </ClInclude>
    <ClInclude Include="Headers\Material.h">
      <Filter>헤더 파일</Filter>
    </ClInclude>
    <ClInclude Include="Headers\Map.h">
      <Filter>헤더 파일</Filter>
    </ClInclude>
    <ClInclude Include="Headers\Quaternion.h">
      <Filter>헤더 파일</Filter>
    </ClInclude>
    <ClInclude Include="Headers\MarchingCube.h">
      <Filter>헤더 파일</Filter>
    </ClInclude>
    <ClInclude Include="Headers\ImGuiPanel.h">
      <Filter>헤더 파일\ImGui</Filter>
    </ClInclude>
    <ClInclude Include="Headers\FastNoiseLite.h">
      <Filter>헤더 파일</Filter>
    </ClInclude>
    <ClInclude Include="Headers\Particle.h">
      <Filter>헤더 파일</Filter>
    </ClInclude>
    <ClInclude Include="Headers\Force.h">
      <Filter>헤더 파일</Filter>
    </ClInclude>
    <ClInclude Include="Headers\Cloth.h">
      <Filter>헤더 파일</Filter>
    </ClInclude>
    <ClInclude Include="Headers\SPHSystem.h">
      <Filter>헤더 파일</Filter>
    </ClInclude>
  </ItemGroup>
  <ItemGroup>
    <ClCompile Include="Sources\Buffer.cpp">
      <Filter>소스 파일</Filter>
    </ClCompile>
    <ClCompile Include="Sources\Camera.cpp">
      <Filter>소스 파일</Filter>
    </ClCompile>
    <ClCompile Include="Sources\FileDialog.cpp">
      <Filter>소스 파일</Filter>
    </ClCompile>
    <ClCompile Include="Sources\Object.cpp">
      <Filter>소스 파일</Filter>
    </ClCompile>
    <ClCompile Include="Sources\Light.cpp">
      <Filter>소스 파일</Filter>
    </ClCompile>
    <ClCompile Include="Sources\main.cpp">
      <Filter>소스 파일</Filter>
    </ClCompile>
    <ClCompile Include="Sources\Mesh.cpp">
      <Filter>소스 파일</Filter>
    </ClCompile>
    <ClCompile Include="Sources\Picker.cpp">
      <Filter>소스 파일</Filter>
    </ClCompile>
    <ClCompile Include="Sources\Renderer.cpp">
      <Filter>소스 파일</Filter>
    </ClCompile>
    <ClCompile Include="Sources\SDL_GL_Window.cpp">
      <Filter>소스 파일</Filter>
    </ClCompile>
    <ClCompile Include="Sources\Shader.cpp">
      <Filter>소스 파일</Filter>
    </ClCompile>
    <ClCompile Include="Sources\Texture.cpp">
      <Filter>소스 파일</Filter>
    </ClCompile>
    <ClCompile Include="C:\vclib\imgui-docking\imgui.cpp">
      <Filter>소스 파일\ImGui</Filter>
    </ClCompile>
    <ClCompile Include="C:\vclib\imgui-docking\imgui_demo.cpp">
      <Filter>소스 파일\ImGui</Filter>
    </ClCompile>
    <ClCompile Include="C:\vclib\imgui-docking\imgui_draw.cpp">
      <Filter>소스 파일\ImGui</Filter>
    </ClCompile>
    <ClCompile Include="C:\vclib\imgui-docking\imgui_impl_opengl3.cpp">
      <Filter>소스 파일\ImGui</Filter>
    </ClCompile>
    <ClCompile Include="C:\vclib\imgui-docking\imgui_impl_sdl2.cpp">
      <Filter>소스 파일\ImGui</Filter>
    </ClCompile>
    <ClCompile Include="C:\vclib\imgui-docking\imgui_tables.cpp">
      <Filter>소스 파일\ImGui</Filter>
    </ClCompile>
    <ClCompile Include="C:\vclib\imgui-docking\imgui_widgets.cpp">
      <Filter>소스 파일\ImGui</Filter>
    </ClCompile>
    <ClCompile Include="Sources\Material.cpp">
      <Filter>소스 파일</Filter>
    </ClCompile>
    <ClCompile Include="Sources\Map.cpp">
      <Filter>소스 파일</Filter>
    </ClCompile>
    <ClCompile Include="Sources\Quaternion.cpp">
      <Filter>소스 파일</Filter>
    </ClCompile>
    <ClCompile Include="Sources\MarchingCube.cpp">
      <Filter>소스 파일</Filter>
    </ClCompile>
    <ClCompile Include="Sources\ImGuiPanel.cpp">
      <Filter>소스 파일\ImGui</Filter>
    </ClCompile>
    <ClCompile Include="Sources\Particle.cpp">
      <Filter>소스 파일</Filter>
    </ClCompile>
    <ClCompile Include="Sources\Force.cpp">
      <Filter>소스 파일</Filter>
    </ClCompile>
    <ClCompile Include="Sources\SPHSystem.cpp">
      <Filter>소스 파일</Filter>
    </ClCompile>
    <ClCompile Include="Sources\Cloth.cpp">
      <Filter>소스 파일</Filter>
    </ClCompile>
  </ItemGroup>
</Project>