<?xml version="1.0" encoding="utf-8"?>
<Project ToolsVersion="4.0" xmlns="http://schemas.microsoft.com/developer/msbuild/2003">
  <ItemGroup>
    <CudaCompile Include="src\SPHSolverKernel.cu">
      <Filter>src</Filter>
    </CudaCompile>
    <CudaCompile Include="include\SPHSolverKernel.cuh" />
  </ItemGroup>
  <ItemGroup>
    <Filter Include="src">
      <UniqueIdentifier>{c0ca66ed-69c5-4837-91ef-fb8e7fe1804d}</UniqueIdentifier>
    </Filter>
    <Filter Include="include">
      <UniqueIdentifier>{9f418d8f-3121-4cd4-a649-7f5394dffa61}</UniqueIdentifier>
    </Filter>
    <Filter Include="imgui">
      <UniqueIdentifier>{eaf07c9b-29c5-459e-88f7-de7edd72763c}</UniqueIdentifier>
    </Filter>
    <Filter Include="quartet">
      <UniqueIdentifier>{a8c4d242-6bb8-441b-8339-33e71c3b7252}</UniqueIdentifier>
    </Filter>
  </ItemGroup>
  <ItemGroup>
    <ClCompile Include="src\Buffer.cpp">
      <Filter>src</Filter>
    </ClCompile>
    <ClCompile Include="src\Camera.cpp">
      <Filter>src</Filter>
    </ClCompile>
    <ClCompile Include="src\Cloth.cpp">
      <Filter>src</Filter>
    </ClCompile>
    <ClCompile Include="src\FileDialog.cpp">
      <Filter>src</Filter>
    </ClCompile>
    <ClCompile Include="src\ImguiPanel.cpp">
      <Filter>src</Filter>
    </ClCompile>
    <ClCompile Include="src\Light.cpp">
      <Filter>src</Filter>
    </ClCompile>
    <ClCompile Include="src\main.cpp">
      <Filter>src</Filter>
    </ClCompile>
    <ClCompile Include="src\Map.cpp">
      <Filter>src</Filter>
    </ClCompile>
    <ClCompile Include="src\MarchingCube.cpp">
      <Filter>src</Filter>
    </ClCompile>
    <ClCompile Include="src\Material.cpp">
      <Filter>src</Filter>
    </ClCompile>
    <ClCompile Include="src\Mesh.cpp">
      <Filter>src</Filter>
    </ClCompile>
    <ClCompile Include="src\Object.cpp">
      <Filter>src</Filter>
    </ClCompile>
    <ClCompile Include="src\Particle.cpp">
      <Filter>src</Filter>
    </ClCompile>
    <ClCompile Include="src\Picker.cpp">
      <Filter>src</Filter>
    </ClCompile>
    <ClCompile Include="src\Quaternion.cpp">
      <Filter>src</Filter>
    </ClCompile>
    <ClCompile Include="src\Renderer.cpp">
      <Filter>src</Filter>
    </ClCompile>
    <ClCompile Include="src\SDL_GL_Window.cpp">
      <Filter>src</Filter>
    </ClCompile>
    <ClCompile Include="src\Shader.cpp">
      <Filter>src</Filter>
    </ClCompile>
    <ClCompile Include="src\SPHSystem.cpp">
      <Filter>src</Filter>
    </ClCompile>
    <ClCompile Include="src\SPHSystemCuda.cpp">
      <Filter>src</Filter>
    </ClCompile>
    <ClCompile Include="src\Texture.cpp">
      <Filter>src</Filter>
    </ClCompile>
    <ClCompile Include="C:\vclib\imgui-docking\imgui_demo.cpp">
      <Filter>imgui</Filter>
    </ClCompile>
    <ClCompile Include="C:\vclib\imgui-docking\imgui_draw.cpp">
      <Filter>imgui</Filter>
    </ClCompile>
    <ClCompile Include="C:\vclib\imgui-docking\imgui_impl_opengl3.cpp">
      <Filter>imgui</Filter>
    </ClCompile>
    <ClCompile Include="C:\vclib\imgui-docking\imgui_impl_sdl2.cpp">
      <Filter>imgui</Filter>
    </ClCompile>
    <ClCompile Include="C:\vclib\imgui-docking\imgui_tables.cpp">
      <Filter>imgui</Filter>
    </ClCompile>
    <ClCompile Include="C:\vclib\imgui-docking\imgui_widgets.cpp">
      <Filter>imgui</Filter>
    </ClCompile>
    <ClCompile Include="C:\vclib\imgui-docking\imgui.cpp">
      <Filter>imgui</Filter>
    </ClCompile>
    <ClCompile Include="src\SoftBodySolver.cpp">
      <Filter>src</Filter>
    </ClCompile>
    <ClCompile Include="C:\vclib\quartet\src\feature.cpp">
      <Filter>quartet</Filter>
    </ClCompile>
    <ClCompile Include="C:\vclib\quartet\src\geometry_queries.cpp">
      <Filter>quartet</Filter>
    </ClCompile>
    <ClCompile Include="C:\vclib\quartet\src\make_signed_distance.cpp">
      <Filter>quartet</Filter>
    </ClCompile>
    <ClCompile Include="C:\vclib\quartet\src\make_tet_mesh.cpp">
      <Filter>quartet</Filter>
    </ClCompile>
    <ClCompile Include="C:\vclib\quartet\src\match_features.cpp">
      <Filter>quartet</Filter>
    </ClCompile>
    <ClCompile Include="C:\vclib\quartet\src\optimize_tet_mesh.cpp">
      <Filter>quartet</Filter>
    </ClCompile>
    <ClCompile Include="C:\vclib\quartet\src\predicates.cpp">
      <Filter>quartet</Filter>
    </ClCompile>
    <ClCompile Include="C:\vclib\quartet\src\read_obj.cpp">
      <Filter>quartet</Filter>
    </ClCompile>
    <ClCompile Include="C:\vclib\quartet\src\sdf.cpp">
      <Filter>quartet</Filter>
    </ClCompile>
    <ClCompile Include="C:\vclib\quartet\src\tet_mesh.cpp">
      <Filter>quartet</Filter>
    </ClCompile>
    <ClCompile Include="C:\vclib\quartet\src\tet_quality.cpp">
      <Filter>quartet</Filter>
    </ClCompile>
    <ClCompile Include="C:\vclib\quartet\src\trimesh.cpp">
      <Filter>quartet</Filter>
    </ClCompile>
    <ClCompile Include="src\Point.cpp">
      <Filter>src</Filter>
    </ClCompile>
    <ClCompile Include="src\Geometry.cpp">
      <Filter>src</Filter>
    </ClCompile>
    <ClCompile Include="src\Outline.cpp">
      <Filter>src</Filter>
    </ClCompile>
    <ClCompile Include="src\Terrain.cpp">
      <Filter>src</Filter>
    </ClCompile>
    <ClCompile Include="src\Tri.cpp">
      <Filter>src</Filter>
    </ClCompile>
    <ClCompile Include="src\MeshImporter.cpp">
      <Filter>src</Filter>
    </ClCompile>
    <ClCompile Include="src\ShaderManager.cpp">
      <Filter>src</Filter>
    </ClCompile>
    <ClCompile Include="src\Quad.cpp">
      <Filter>src</Filter>
    </ClCompile>
    <ClCompile Include="src\Transform.cpp">
      <Filter>src</Filter>
    </ClCompile>
    <ClCompile Include="src\Grid.cpp">
      <Filter>src</Filter>
    </ClCompile>
    <ClCompile Include="src\Gizmo.cpp">
      <Filter>src</Filter>
    </ClCompile>
    <ClCompile Include="src\BoundingBox.cpp">
      <Filter>src</Filter>
    </ClCompile>
  </ItemGroup>
  <ItemGroup>
    <ClInclude Include="include\Buffer.h">
      <Filter>include</Filter>
    </ClInclude>
    <ClInclude Include="include\Camera.h">
      <Filter>include</Filter>
    </ClInclude>
    <ClInclude Include="include\Cloth.h">
      <Filter>include</Filter>
    </ClInclude>
    <ClInclude Include="include\FastNoiseLite.h">
      <Filter>include</Filter>
    </ClInclude>
    <ClInclude Include="include\FileDialog.h">
      <Filter>include</Filter>
    </ClInclude>
    <ClInclude Include="include\ImguiPanel.h">
      <Filter>include</Filter>
    </ClInclude>
    <ClInclude Include="include\Light.h">
      <Filter>include</Filter>
    </ClInclude>
    <ClInclude Include="include\Map.h">
      <Filter>include</Filter>
    </ClInclude>
    <ClInclude Include="include\MarchingCube.h">
      <Filter>include</Filter>
    </ClInclude>
    <ClInclude Include="include\Material.h">
      <Filter>include</Filter>
    </ClInclude>
    <ClInclude Include="include\Mesh.h">
      <Filter>include</Filter>
    </ClInclude>
    <ClInclude Include="include\Object.h">
      <Filter>include</Filter>
    </ClInclude>
    <ClInclude Include="include\Particle.h">
      <Filter>include</Filter>
    </ClInclude>
    <ClInclude Include="include\Picker.h">
      <Filter>include</Filter>
    </ClInclude>
    <ClInclude Include="include\Quaternion.h">
      <Filter>include</Filter>
    </ClInclude>
    <ClInclude Include="include\Renderer.h">
      <Filter>include</Filter>
    </ClInclude>
    <ClInclude Include="include\SDL_GL_Window.h">
      <Filter>include</Filter>
    </ClInclude>
    <ClInclude Include="include\Shader.h">
      <Filter>include</Filter>
    </ClInclude>
    <ClInclude Include="include\SPHSystem.h">
      <Filter>include</Filter>
    </ClInclude>
    <ClInclude Include="include\SPHSystemCuda.h">
      <Filter>include</Filter>
    </ClInclude>
    <ClInclude Include="include\Texture.h">
      <Filter>include</Filter>
    </ClInclude>
    <ClInclude Include="include\Utils.h">
      <Filter>include</Filter>
    </ClInclude>
    <ClInclude Include="C:\vclib\imgui-docking\imstb_truetype.h">
      <Filter>imgui</Filter>
    </ClInclude>
    <ClInclude Include="C:\vclib\imgui-docking\imgui.h">
      <Filter>imgui</Filter>
    </ClInclude>
    <ClInclude Include="C:\vclib\imgui-docking\imgui_impl_opengl3.h">
      <Filter>imgui</Filter>
    </ClInclude>
    <ClInclude Include="C:\vclib\imgui-docking\imgui_impl_opengl3_loader.h">
      <Filter>imgui</Filter>
    </ClInclude>
    <ClInclude Include="C:\vclib\imgui-docking\imgui_impl_sdl2.h">
      <Filter>imgui</Filter>
    </ClInclude>
    <ClInclude Include="C:\vclib\imgui-docking\imgui_internal.h">
      <Filter>imgui</Filter>
    </ClInclude>
    <ClInclude Include="C:\vclib\imgui-docking\imstb_rectpack.h">
      <Filter>imgui</Filter>
    </ClInclude>
    <ClInclude Include="C:\vclib\imgui-docking\imstb_textedit.h">
      <Filter>imgui</Filter>
    </ClInclude>
    <ClInclude Include="C:\vclib\imgui-docking\imconfig.h">
      <Filter>imgui</Filter>
    </ClInclude>
    <ClInclude Include="include\SoftBodySolver.h">
      <Filter>include</Filter>
    </ClInclude>
    <ClInclude Include="C:\vclib\quartet\src\array3.h">
      <Filter>quartet</Filter>
    </ClInclude>
    <ClInclude Include="C:\vclib\quartet\src\feature.h">
      <Filter>quartet</Filter>
    </ClInclude>
    <ClInclude Include="C:\vclib\quartet\src\geometry_queries.h">
      <Filter>quartet</Filter>
    </ClInclude>
    <ClInclude Include="C:\vclib\quartet\src\make_signed_distance.h">
      <Filter>quartet</Filter>
    </ClInclude>
    <ClInclude Include="C:\vclib\quartet\src\make_tet_mesh.h">
      <Filter>quartet</Filter>
    </ClInclude>
    <ClInclude Include="C:\vclib\quartet\src\match_features.h">
      <Filter>quartet</Filter>
    </ClInclude>
    <ClInclude Include="C:\vclib\quartet\src\optimize_tet_mesh.h">
      <Filter>quartet</Filter>
    </ClInclude>
    <ClInclude Include="C:\vclib\quartet\src\read_obj.h">
      <Filter>quartet</Filter>
    </ClInclude>
    <ClInclude Include="C:\vclib\quartet\src\sdf.h">
      <Filter>quartet</Filter>
    </ClInclude>
    <ClInclude Include="C:\vclib\quartet\src\tet_mesh.h">
      <Filter>quartet</Filter>
    </ClInclude>
    <ClInclude Include="C:\vclib\quartet\src\tet_quality.h">
      <Filter>quartet</Filter>
    </ClInclude>
    <ClInclude Include="C:\vclib\quartet\src\trimesh.h">
      <Filter>quartet</Filter>
    </ClInclude>
    <ClInclude Include="C:\vclib\quartet\src\util.h">
      <Filter>quartet</Filter>
    </ClInclude>
    <ClInclude Include="C:\vclib\quartet\src\vec.h">
      <Filter>quartet</Filter>
    </ClInclude>
    <ClInclude Include="include\Point.h">
      <Filter>include</Filter>
    </ClInclude>
    <ClInclude Include="include\Geometry.h">
      <Filter>include</Filter>
    </ClInclude>
    <ClInclude Include="include\Outline.h">
      <Filter>include</Filter>
    </ClInclude>
    <ClInclude Include="include\Terrain.h">
      <Filter>include</Filter>
    </ClInclude>
    <ClInclude Include="include\Tri.h">
      <Filter>include</Filter>
    </ClInclude>
    <ClInclude Include="include\MeshImporter.h">
      <Filter>include</Filter>
    </ClInclude>
    <ClInclude Include="include\ShaderManager.h">
      <Filter>include</Filter>
    </ClInclude>
    <ClInclude Include="include\Quad.h">
      <Filter>include</Filter>
    </ClInclude>
    <ClInclude Include="include\Transform.h">
      <Filter>include</Filter>
    </ClInclude>
    <ClInclude Include="include\Grid.h">
      <Filter>include</Filter>
    </ClInclude>
    <ClInclude Include="include\Gizmo.h">
      <Filter>include</Filter>
    </ClInclude>
    <ClInclude Include="include\BoundingBox.h">
      <Filter>include</Filter>
    </ClInclude>
  </ItemGroup>
</Project>